// !$*UTF8*$!
{
	archiveVersion = 1;
	classes = {
	};
	objectVersion = 50;
	objects = {

/* Begin PBXBuildFile section */
		BE691687212957D600C3EEFC /* TabBarControllerStartView.swift in Sources */ = {isa = PBXBuildFile; fileRef = BE691686212957D600C3EEFC /* TabBarControllerStartView.swift */; };
		BE9B476B211F9DE100FE6266 /* DataBaseTable.swift in Sources */ = {isa = PBXBuildFile; fileRef = BE9B476A211F9DE100FE6266 /* DataBaseTable.swift */; };
		BE9B476D211F9F2800FE6266 /* CalculationDataBase.swift in Sources */ = {isa = PBXBuildFile; fileRef = BE9B476C211F9F2800FE6266 /* CalculationDataBase.swift */; };
		BE9B476F211FB10200FE6266 /* CalculationCombination.swift in Sources */ = {isa = PBXBuildFile; fileRef = BE9B476E211FB10200FE6266 /* CalculationCombination.swift */; };
		BEBD042D20DF69AB00325635 /* AppDelegate.swift in Sources */ = {isa = PBXBuildFile; fileRef = BEBD042C20DF69AB00325635 /* AppDelegate.swift */; };
		BEBD043420DF69AB00325635 /* Main.storyboard in Resources */ = {isa = PBXBuildFile; fileRef = BEBD043220DF69AB00325635 /* Main.storyboard */; };
		BEBD043620DF69AC00325635 /* Assets.xcassets in Resources */ = {isa = PBXBuildFile; fileRef = BEBD043520DF69AC00325635 /* Assets.xcassets */; };
		BEBD043920DF69AC00325635 /* LaunchScreen.storyboard in Resources */ = {isa = PBXBuildFile; fileRef = BEBD043720DF69AC00325635 /* LaunchScreen.storyboard */; };
		BEBD044120DF6FB300325635 /* ViewControllerInformation.swift in Sources */ = {isa = PBXBuildFile; fileRef = BEBD044020DF6FB300325635 /* ViewControllerInformation.swift */; };
		BEBD044320DF6FFC00325635 /* ViewControllerWeight.swift in Sources */ = {isa = PBXBuildFile; fileRef = BEBD044220DF6FFC00325635 /* ViewControllerWeight.swift */; };
		BEBD044520DF712900325635 /* ViewControllerCalculation.swift in Sources */ = {isa = PBXBuildFile; fileRef = BEBD044420DF712900325635 /* ViewControllerCalculation.swift */; };
		BEBD044720E2D26200325635 /* ViewControllerResult.swift in Sources */ = {isa = PBXBuildFile; fileRef = BEBD044620E2D26200325635 /* ViewControllerResult.swift */; };
		BECCF6162125647900D681E9 /* ViewControllerInformationDetail.swift in Sources */ = {isa = PBXBuildFile; fileRef = BECCF6152125647900D681E9 /* ViewControllerInformationDetail.swift */; };
		BECCF61821264D3E00D681E9 /* MessageUI.framework in Frameworks */ = {isa = PBXBuildFile; fileRef = BECCF61721264D3E00D681E9 /* MessageUI.framework */; };
		FBE0AF8DB1C773F6E6BBCB5C /* Pods_SinkerCalculation.framework in Frameworks */ = {isa = PBXBuildFile; fileRef = 31F252484F8B2ECD01876F1B /* Pods_SinkerCalculation.framework */; };
/* End PBXBuildFile section */

/* Begin PBXFileReference section */
		2C732692112CC38385A0F0A8 /* Pods-SinkerCalculation.release.xcconfig */ = {isa = PBXFileReference; includeInIndex = 1; lastKnownFileType = text.xcconfig; name = "Pods-SinkerCalculation.release.xcconfig"; path = "Pods/Target Support Files/Pods-SinkerCalculation/Pods-SinkerCalculation.release.xcconfig"; sourceTree = "<group>"; };
		31F252484F8B2ECD01876F1B /* Pods_SinkerCalculation.framework */ = {isa = PBXFileReference; explicitFileType = wrapper.framework; includeInIndex = 0; path = Pods_SinkerCalculation.framework; sourceTree = BUILT_PRODUCTS_DIR; };
		9CB096E73EFD428365888C03 /* Pods-SinkerCalculation.debug.xcconfig */ = {isa = PBXFileReference; includeInIndex = 1; lastKnownFileType = text.xcconfig; name = "Pods-SinkerCalculation.debug.xcconfig"; path = "Pods/Target Support Files/Pods-SinkerCalculation/Pods-SinkerCalculation.debug.xcconfig"; sourceTree = "<group>"; };
		BE691686212957D600C3EEFC /* TabBarControllerStartView.swift */ = {isa = PBXFileReference; lastKnownFileType = sourcecode.swift; path = TabBarControllerStartView.swift; sourceTree = "<group>"; };
		BE9B476A211F9DE100FE6266 /* DataBaseTable.swift */ = {isa = PBXFileReference; lastKnownFileType = sourcecode.swift; path = DataBaseTable.swift; sourceTree = "<group>"; };
		BE9B476C211F9F2800FE6266 /* CalculationDataBase.swift */ = {isa = PBXFileReference; lastKnownFileType = sourcecode.swift; path = CalculationDataBase.swift; sourceTree = "<group>"; };
		BE9B476E211FB10200FE6266 /* CalculationCombination.swift */ = {isa = PBXFileReference; lastKnownFileType = sourcecode.swift; path = CalculationCombination.swift; sourceTree = "<group>"; };
		BEBD042920DF69AB00325635 /* SinkerCalculation.app */ = {isa = PBXFileReference; explicitFileType = wrapper.application; includeInIndex = 0; path = SinkerCalculation.app; sourceTree = BUILT_PRODUCTS_DIR; };
		BEBD042C20DF69AB00325635 /* AppDelegate.swift */ = {isa = PBXFileReference; lastKnownFileType = sourcecode.swift; path = AppDelegate.swift; sourceTree = "<group>"; };
		BEBD043320DF69AB00325635 /* Base */ = {isa = PBXFileReference; lastKnownFileType = file.storyboard; name = Base; path = Base.lproj/Main.storyboard; sourceTree = "<group>"; };
		BEBD043520DF69AC00325635 /* Assets.xcassets */ = {isa = PBXFileReference; lastKnownFileType = folder.assetcatalog; path = Assets.xcassets; sourceTree = "<group>"; };
		BEBD043820DF69AC00325635 /* Base */ = {isa = PBXFileReference; lastKnownFileType = file.storyboard; name = Base; path = Base.lproj/LaunchScreen.storyboard; sourceTree = "<group>"; };
		BEBD043A20DF69AC00325635 /* Info.plist */ = {isa = PBXFileReference; lastKnownFileType = text.plist.xml; path = Info.plist; sourceTree = "<group>"; };
		BEBD044020DF6FB300325635 /* ViewControllerInformation.swift */ = {isa = PBXFileReference; lastKnownFileType = sourcecode.swift; path = ViewControllerInformation.swift; sourceTree = "<group>"; };
		BEBD044220DF6FFC00325635 /* ViewControllerWeight.swift */ = {isa = PBXFileReference; lastKnownFileType = sourcecode.swift; path = ViewControllerWeight.swift; sourceTree = "<group>"; };
		BEBD044420DF712900325635 /* ViewControllerCalculation.swift */ = {isa = PBXFileReference; lastKnownFileType = sourcecode.swift; path = ViewControllerCalculation.swift; sourceTree = "<group>"; };
		BEBD044620E2D26200325635 /* ViewControllerResult.swift */ = {isa = PBXFileReference; lastKnownFileType = sourcecode.swift; path = ViewControllerResult.swift; sourceTree = "<group>"; };
		BECCF6152125647900D681E9 /* ViewControllerInformationDetail.swift */ = {isa = PBXFileReference; lastKnownFileType = sourcecode.swift; path = ViewControllerInformationDetail.swift; sourceTree = "<group>"; };
		BECCF61721264D3E00D681E9 /* MessageUI.framework */ = {isa = PBXFileReference; lastKnownFileType = wrapper.framework; name = MessageUI.framework; path = System/Library/Frameworks/MessageUI.framework; sourceTree = SDKROOT; };
/* End PBXFileReference section */

/* Begin PBXFrameworksBuildPhase section */
		BEBD042620DF69AB00325635 /* Frameworks */ = {
			isa = PBXFrameworksBuildPhase;
			buildActionMask = 2147483647;
			files = (
				BECCF61821264D3E00D681E9 /* MessageUI.framework in Frameworks */,
				FBE0AF8DB1C773F6E6BBCB5C /* Pods_SinkerCalculation.framework in Frameworks */,
			);
			runOnlyForDeploymentPostprocessing = 0;
		};
/* End PBXFrameworksBuildPhase section */

/* Begin PBXGroup section */
		9763972D316CFCDC105F62FB /* Pods */ = {
			isa = PBXGroup;
			children = (
				9CB096E73EFD428365888C03 /* Pods-SinkerCalculation.debug.xcconfig */,
				2C732692112CC38385A0F0A8 /* Pods-SinkerCalculation.release.xcconfig */,
			);
			name = Pods;
			sourceTree = "<group>";
		};
		BEBD042020DF69AB00325635 = {
			isa = PBXGroup;
			children = (
				BEBD042B20DF69AB00325635 /* SinkerCalculation */,
				BEBD042A20DF69AB00325635 /* Products */,
				9763972D316CFCDC105F62FB /* Pods */,
				E9D1F8B90EAE82D8673C37AD /* Frameworks */,
			);
			sourceTree = "<group>";
		};
		BEBD042A20DF69AB00325635 /* Products */ = {
			isa = PBXGroup;
			children = (
				BEBD042920DF69AB00325635 /* SinkerCalculation.app */,
			);
			name = Products;
			sourceTree = "<group>";
		};
		BEBD042B20DF69AB00325635 /* SinkerCalculation */ = {
			isa = PBXGroup;
			children = (
				BEBD042C20DF69AB00325635 /* AppDelegate.swift */,
				BE9B476C211F9F2800FE6266 /* CalculationDataBase.swift */,
				BE9B476E211FB10200FE6266 /* CalculationCombination.swift */,
				BE9B476A211F9DE100FE6266 /* DataBaseTable.swift */,
				BEBD044420DF712900325635 /* ViewControllerCalculation.swift */,
				BEBD044620E2D26200325635 /* ViewControllerResult.swift */,
				BEBD044220DF6FFC00325635 /* ViewControllerWeight.swift */,
				BEBD044020DF6FB300325635 /* ViewControllerInformation.swift */,
				BECCF6152125647900D681E9 /* ViewControllerInformationDetail.swift */,
				BE691686212957D600C3EEFC /* TabBarControllerStartView.swift */,
				BEBD043220DF69AB00325635 /* Main.storyboard */,
				BEBD043520DF69AC00325635 /* Assets.xcassets */,
				BEBD043720DF69AC00325635 /* LaunchScreen.storyboard */,
				BEBD043A20DF69AC00325635 /* Info.plist */,
			);
			path = SinkerCalculation;
			sourceTree = "<group>";
		};
		E9D1F8B90EAE82D8673C37AD /* Frameworks */ = {
			isa = PBXGroup;
			children = (
				BECCF61721264D3E00D681E9 /* MessageUI.framework */,
				31F252484F8B2ECD01876F1B /* Pods_SinkerCalculation.framework */,
			);
			name = Frameworks;
			sourceTree = "<group>";
		};
/* End PBXGroup section */

/* Begin PBXNativeTarget section */
		BEBD042820DF69AB00325635 /* SinkerCalculation */ = {
			isa = PBXNativeTarget;
			buildConfigurationList = BEBD043D20DF69AC00325635 /* Build configuration list for PBXNativeTarget "SinkerCalculation" */;
			buildPhases = (
				6424397AE336789E3E14771D /* [CP] Check Pods Manifest.lock */,
				BEBD042520DF69AB00325635 /* Sources */,
				BEBD042620DF69AB00325635 /* Frameworks */,
				BEBD042720DF69AB00325635 /* Resources */,
				B4426C9A0B4BBCBB2BED45E6 /* [CP] Embed Pods Frameworks */,
			);
			buildRules = (
			);
			dependencies = (
			);
			name = SinkerCalculation;
			productName = SinkerCalculation;
			productReference = BEBD042920DF69AB00325635 /* SinkerCalculation.app */;
			productType = "com.apple.product-type.application";
		};
/* End PBXNativeTarget section */

/* Begin PBXProject section */
		BEBD042120DF69AB00325635 /* Project object */ = {
			isa = PBXProject;
			attributes = {
				LastSwiftUpdateCheck = 0940;
				LastUpgradeCheck = 0940;
				ORGANIZATIONNAME = sawatch;
				TargetAttributes = {
					BEBD042820DF69AB00325635 = {
						CreatedOnToolsVersion = 9.4.1;
					};
				};
			};
			buildConfigurationList = BEBD042420DF69AB00325635 /* Build configuration list for PBXProject "SinkerCalculation" */;
			compatibilityVersion = "Xcode 9.3";
			developmentRegion = en;
			hasScannedForEncodings = 0;
			knownRegions = (
				en,
				Base,
			);
			mainGroup = BEBD042020DF69AB00325635;
			productRefGroup = BEBD042A20DF69AB00325635 /* Products */;
			projectDirPath = "";
			projectRoot = "";
			targets = (
				BEBD042820DF69AB00325635 /* SinkerCalculation */,
			);
		};
/* End PBXProject section */

/* Begin PBXResourcesBuildPhase section */
		BEBD042720DF69AB00325635 /* Resources */ = {
			isa = PBXResourcesBuildPhase;
			buildActionMask = 2147483647;
			files = (
				BEBD043920DF69AC00325635 /* LaunchScreen.storyboard in Resources */,
				BEBD043620DF69AC00325635 /* Assets.xcassets in Resources */,
				BEBD043420DF69AB00325635 /* Main.storyboard in Resources */,
			);
			runOnlyForDeploymentPostprocessing = 0;
		};
/* End PBXResourcesBuildPhase section */

/* Begin PBXShellScriptBuildPhase section */
		6424397AE336789E3E14771D /* [CP] Check Pods Manifest.lock */ = {
			isa = PBXShellScriptBuildPhase;
			buildActionMask = 2147483647;
			files = (
			);
			inputPaths = (
				"${PODS_PODFILE_DIR_PATH}/Podfile.lock",
				"${PODS_ROOT}/Manifest.lock",
			);
			name = "[CP] Check Pods Manifest.lock";
			outputPaths = (
				"$(DERIVED_FILE_DIR)/Pods-SinkerCalculation-checkManifestLockResult.txt",
			);
			runOnlyForDeploymentPostprocessing = 0;
			shellPath = /bin/sh;
			shellScript = "diff \"${PODS_PODFILE_DIR_PATH}/Podfile.lock\" \"${PODS_ROOT}/Manifest.lock\" > /dev/null\nif [ $? != 0 ] ; then\n    # print error to STDERR\n    echo \"error: The sandbox is not in sync with the Podfile.lock. Run 'pod install' or update your CocoaPods installation.\" >&2\n    exit 1\nfi\n# This output is used by Xcode 'outputs' to avoid re-running this script phase.\necho \"SUCCESS\" > \"${SCRIPT_OUTPUT_FILE_0}\"\n";
			showEnvVarsInLog = 0;
		};
		B4426C9A0B4BBCBB2BED45E6 /* [CP] Embed Pods Frameworks */ = {
			isa = PBXShellScriptBuildPhase;
			buildActionMask = 2147483647;
			files = (
			);
			inputPaths = (
				"${SRCROOT}/Pods/Target Support Files/Pods-SinkerCalculation/Pods-SinkerCalculation-frameworks.sh",
				"${BUILT_PRODUCTS_DIR}/Eureka/Eureka.framework",
			);
			name = "[CP] Embed Pods Frameworks";
			outputPaths = (
				"${TARGET_BUILD_DIR}/${FRAMEWORKS_FOLDER_PATH}/Eureka.framework",
			);
			runOnlyForDeploymentPostprocessing = 0;
			shellPath = /bin/sh;
			shellScript = "\"${SRCROOT}/Pods/Target Support Files/Pods-SinkerCalculation/Pods-SinkerCalculation-frameworks.sh\"\n";
			showEnvVarsInLog = 0;
		};
/* End PBXShellScriptBuildPhase section */

/* Begin PBXSourcesBuildPhase section */
		BEBD042520DF69AB00325635 /* Sources */ = {
			isa = PBXSourcesBuildPhase;
			buildActionMask = 2147483647;
			files = (
				BEBD044320DF6FFC00325635 /* ViewControllerWeight.swift in Sources */,
				BE9B476F211FB10200FE6266 /* CalculationCombination.swift in Sources */,
				BE9B476B211F9DE100FE6266 /* DataBaseTable.swift in Sources */,
				BEBD044520DF712900325635 /* ViewControllerCalculation.swift in Sources */,
				BECCF6162125647900D681E9 /* ViewControllerInformationDetail.swift in Sources */,
				BEBD042D20DF69AB00325635 /* AppDelegate.swift in Sources */,
				BEBD044720E2D26200325635 /* ViewControllerResult.swift in Sources */,
				BE691687212957D600C3EEFC /* TabBarControllerStartView.swift in Sources */,
				BEBD044120DF6FB300325635 /* ViewControllerInformation.swift in Sources */,
				BE9B476D211F9F2800FE6266 /* CalculationDataBase.swift in Sources */,
			);
			runOnlyForDeploymentPostprocessing = 0;
		};
/* End PBXSourcesBuildPhase section */

/* Begin PBXVariantGroup section */
		BEBD043220DF69AB00325635 /* Main.storyboard */ = {
			isa = PBXVariantGroup;
			children = (
				BEBD043320DF69AB00325635 /* Base */,
			);
			name = Main.storyboard;
			sourceTree = "<group>";
		};
		BEBD043720DF69AC00325635 /* LaunchScreen.storyboard */ = {
			isa = PBXVariantGroup;
			children = (
				BEBD043820DF69AC00325635 /* Base */,
			);
			name = LaunchScreen.storyboard;
			sourceTree = "<group>";
		};
/* End PBXVariantGroup section */

/* Begin XCBuildConfiguration section */
		BEBD043B20DF69AC00325635 /* Debug */ = {
			isa = XCBuildConfiguration;
			buildSettings = {
				ALWAYS_SEARCH_USER_PATHS = NO;
				CLANG_ANALYZER_NONNULL = YES;
				CLANG_ANALYZER_NUMBER_OBJECT_CONVERSION = YES_AGGRESSIVE;
				CLANG_CXX_LANGUAGE_STANDARD = "gnu++14";
				CLANG_CXX_LIBRARY = "libc++";
				CLANG_ENABLE_MODULES = YES;
				CLANG_ENABLE_OBJC_ARC = YES;
				CLANG_ENABLE_OBJC_WEAK = YES;
				CLANG_WARN_BLOCK_CAPTURE_AUTORELEASING = YES;
				CLANG_WARN_BOOL_CONVERSION = YES;
				CLANG_WARN_COMMA = YES;
				CLANG_WARN_CONSTANT_CONVERSION = YES;
				CLANG_WARN_DEPRECATED_OBJC_IMPLEMENTATIONS = YES;
				CLANG_WARN_DIRECT_OBJC_ISA_USAGE = YES_ERROR;
				CLANG_WARN_DOCUMENTATION_COMMENTS = YES;
				CLANG_WARN_EMPTY_BODY = YES;
				CLANG_WARN_ENUM_CONVERSION = YES;
				CLANG_WARN_INFINITE_RECURSION = YES;
				CLANG_WARN_INT_CONVERSION = YES;
				CLANG_WARN_NON_LITERAL_NULL_CONVERSION = YES;
				CLANG_WARN_OBJC_IMPLICIT_RETAIN_SELF = YES;
				CLANG_WARN_OBJC_LITERAL_CONVERSION = YES;
				CLANG_WARN_OBJC_ROOT_CLASS = YES_ERROR;
				CLANG_WARN_RANGE_LOOP_ANALYSIS = YES;
				CLANG_WARN_STRICT_PROTOTYPES = YES;
				CLANG_WARN_SUSPICIOUS_MOVE = YES;
				CLANG_WARN_UNGUARDED_AVAILABILITY = YES_AGGRESSIVE;
				CLANG_WARN_UNREACHABLE_CODE = YES;
				CLANG_WARN__DUPLICATE_METHOD_MATCH = YES;
				CODE_SIGN_IDENTITY = "iPhone Developer";
				COPY_PHASE_STRIP = NO;
				DEBUG_INFORMATION_FORMAT = dwarf;
				ENABLE_STRICT_OBJC_MSGSEND = YES;
				ENABLE_TESTABILITY = YES;
				GCC_C_LANGUAGE_STANDARD = gnu11;
				GCC_DYNAMIC_NO_PIC = NO;
				GCC_NO_COMMON_BLOCKS = YES;
				GCC_OPTIMIZATION_LEVEL = 0;
				GCC_PREPROCESSOR_DEFINITIONS = (
					"DEBUG=1",
					"$(inherited)",
				);
				GCC_WARN_64_TO_32_BIT_CONVERSION = YES;
				GCC_WARN_ABOUT_RETURN_TYPE = YES_ERROR;
				GCC_WARN_UNDECLARED_SELECTOR = YES;
				GCC_WARN_UNINITIALIZED_AUTOS = YES_AGGRESSIVE;
				GCC_WARN_UNUSED_FUNCTION = YES;
				GCC_WARN_UNUSED_VARIABLE = YES;
				IPHONEOS_DEPLOYMENT_TARGET = 9.0;
				MTL_ENABLE_DEBUG_INFO = YES;
				ONLY_ACTIVE_ARCH = YES;
				SDKROOT = iphoneos;
				SWIFT_ACTIVE_COMPILATION_CONDITIONS = DEBUG;
				SWIFT_OPTIMIZATION_LEVEL = "-Onone";
			};
			name = Debug;
		};
		BEBD043C20DF69AC00325635 /* Release */ = {
			isa = XCBuildConfiguration;
			buildSettings = {
				ALWAYS_SEARCH_USER_PATHS = NO;
				CLANG_ANALYZER_NONNULL = YES;
				CLANG_ANALYZER_NUMBER_OBJECT_CONVERSION = YES_AGGRESSIVE;
				CLANG_CXX_LANGUAGE_STANDARD = "gnu++14";
				CLANG_CXX_LIBRARY = "libc++";
				CLANG_ENABLE_MODULES = YES;
				CLANG_ENABLE_OBJC_ARC = YES;
				CLANG_ENABLE_OBJC_WEAK = YES;
				CLANG_WARN_BLOCK_CAPTURE_AUTORELEASING = YES;
				CLANG_WARN_BOOL_CONVERSION = YES;
				CLANG_WARN_COMMA = YES;
				CLANG_WARN_CONSTANT_CONVERSION = YES;
				CLANG_WARN_DEPRECATED_OBJC_IMPLEMENTATIONS = YES;
				CLANG_WARN_DIRECT_OBJC_ISA_USAGE = YES_ERROR;
				CLANG_WARN_DOCUMENTATION_COMMENTS = YES;
				CLANG_WARN_EMPTY_BODY = YES;
				CLANG_WARN_ENUM_CONVERSION = YES;
				CLANG_WARN_INFINITE_RECURSION = YES;
				CLANG_WARN_INT_CONVERSION = YES;
				CLANG_WARN_NON_LITERAL_NULL_CONVERSION = YES;
				CLANG_WARN_OBJC_IMPLICIT_RETAIN_SELF = YES;
				CLANG_WARN_OBJC_LITERAL_CONVERSION = YES;
				CLANG_WARN_OBJC_ROOT_CLASS = YES_ERROR;
				CLANG_WARN_RANGE_LOOP_ANALYSIS = YES;
				CLANG_WARN_STRICT_PROTOTYPES = YES;
				CLANG_WARN_SUSPICIOUS_MOVE = YES;
				CLANG_WARN_UNGUARDED_AVAILABILITY = YES_AGGRESSIVE;
				CLANG_WARN_UNREACHABLE_CODE = YES;
				CLANG_WARN__DUPLICATE_METHOD_MATCH = YES;
				CODE_SIGN_IDENTITY = "iPhone Developer";
				COPY_PHASE_STRIP = NO;
				DEBUG_INFORMATION_FORMAT = "dwarf-with-dsym";
				ENABLE_NS_ASSERTIONS = NO;
				ENABLE_STRICT_OBJC_MSGSEND = YES;
				GCC_C_LANGUAGE_STANDARD = gnu11;
				GCC_NO_COMMON_BLOCKS = YES;
				GCC_WARN_64_TO_32_BIT_CONVERSION = YES;
				GCC_WARN_ABOUT_RETURN_TYPE = YES_ERROR;
				GCC_WARN_UNDECLARED_SELECTOR = YES;
				GCC_WARN_UNINITIALIZED_AUTOS = YES_AGGRESSIVE;
				GCC_WARN_UNUSED_FUNCTION = YES;
				GCC_WARN_UNUSED_VARIABLE = YES;
				IPHONEOS_DEPLOYMENT_TARGET = 9.0;
				MTL_ENABLE_DEBUG_INFO = NO;
				SDKROOT = iphoneos;
				SWIFT_COMPILATION_MODE = wholemodule;
				SWIFT_OPTIMIZATION_LEVEL = "-O";
				VALIDATE_PRODUCT = YES;
			};
			name = Release;
		};
		BEBD043E20DF69AC00325635 /* Debug */ = {
			isa = XCBuildConfiguration;
			baseConfigurationReference = 9CB096E73EFD428365888C03 /* Pods-SinkerCalculation.debug.xcconfig */;
			buildSettings = {
				ASSETCATALOG_COMPILER_APPICON_NAME = AppIcon;
				CODE_SIGN_STYLE = Automatic;
				DEVELOPMENT_TEAM = V69XSSMP4J;
				INFOPLIST_FILE = SinkerCalculation/Info.plist;
				LD_RUNPATH_SEARCH_PATHS = (
					"$(inherited)",
					"@executable_path/Frameworks",
				);
				PRODUCT_BUNDLE_IDENTIFIER = sawatch.fishrman.SinkerCalculation;
				PRODUCT_NAME = "$(TARGET_NAME)";
				SWIFT_VERSION = 4.0;
				TARGETED_DEVICE_FAMILY = "1,2";
			};
			name = Debug;
		};
		BEBD043F20DF69AC00325635 /* Release */ = {
			isa = XCBuildConfiguration;
			baseConfigurationReference = 2C732692112CC38385A0F0A8 /* Pods-SinkerCalculation.release.xcconfig */;
			buildSettings = {
				ASSETCATALOG_COMPILER_APPICON_NAME = AppIcon;
				CODE_SIGN_STYLE = Automatic;
				DEVELOPMENT_TEAM = V69XSSMP4J;
				INFOPLIST_FILE = SinkerCalculation/Info.plist;
				LD_RUNPATH_SEARCH_PATHS = (
					"$(inherited)",
					"@executable_path/Frameworks",
				);
				PRODUCT_BUNDLE_IDENTIFIER = sawatch.fishrman.SinkerCalculation;
				PRODUCT_NAME = "$(TARGET_NAME)";
				SWIFT_VERSION = 4.0;
				TARGETED_DEVICE_FAMILY = "1,2";
			};
			name = Release;
		};
/* End XCBuildConfiguration section */

/* Begin XCConfigurationList section */
		BEBD042420DF69AB00325635 /* Build configuration list for PBXProject "SinkerCalculation" */ = {
			isa = XCConfigurationList;
			buildConfigurations = (
				BEBD043B20DF69AC00325635 /* Debug */,
				BEBD043C20DF69AC00325635 /* Release */,
			);
			defaultConfigurationIsVisible = 0;
			defaultConfigurationName = Release;
		};
		BEBD043D20DF69AC00325635 /* Build configuration list for PBXNativeTarget "SinkerCalculation" */ = {
			isa = XCConfigurationList;
			buildConfigurations = (
				BEBD043E20DF69AC00325635 /* Debug */,
				BEBD043F20DF69AC00325635 /* Release */,
			);
			defaultConfigurationIsVisible = 0;
			defaultConfigurationName = Release;
		};
/* End XCConfigurationList section */
	};
	rootObject = BEBD042120DF69AB00325635 /* Project object */;
}
